
Microsoft Visual Studio Solution File, Format Version 12.00
# Visual Studio Version 17
VisualStudioVersion = 17.8.34511.84
MinimumVisualStudioVersion = 10.0.40219.1
Project("{9A19103F-16F7-4668-BE54-9A1E7A4F7556}") = "ShiftSoftware.Azure.Functions.AspNetCore.Authorization", "ShiftSoftware.Azure.Functions.AspNetCore.Authorization\ShiftSoftware.Azure.Functions.AspNetCore.Authorization.csproj", "{EF98C0DC-67E0-4F89-AE32-6F1FBA8748BA}"
EndProject
Project("{FAE04EC0-301F-11D3-BF4B-00C04F79EFBC}") = "API.Sample", "API.Sample\API.Sample.csproj", "{0850B06C-9832-413E-9025-EE4A2E083EF9}"
EndProject
Project("{FAE04EC0-301F-11D3-BF4B-00C04F79EFBC}") = "AzureFunctions.Sample", "AzureFunctions.Sample\AzureFunctions.Sample.csproj", "{1A4160D2-4BBF-461F-B855-54AC9E76BD0F}"
EndProject
Global
	GlobalSection(SolutionConfigurationPlatforms) = preSolution
		Debug|Any CPU = Debug|Any CPU
		Release|Any CPU = Release|Any CPU
	EndGlobalSection
	GlobalSection(ProjectConfigurationPlatforms) = postSolution
		{EF98C0DC-67E0-4F89-AE32-6F1FBA8748BA}.Debug|Any CPU.ActiveCfg = Debug|Any CPU
		{EF98C0DC-67E0-4F89-AE32-6F1FBA8748BA}.Debug|Any CPU.Build.0 = Debug|Any CPU
		{EF98C0DC-67E0-4F89-AE32-6F1FBA8748BA}.Release|Any CPU.ActiveCfg = Release|Any CPU
		{EF98C0DC-67E0-4F89-AE32-6F1FBA8748BA}.Release|Any CPU.Build.0 = Release|Any CPU
		{0850B06C-9832-413E-9025-EE4A2E083EF9}.Debug|Any CPU.ActiveCfg = Debug|Any CPU
		{0850B06C-9832-413E-9025-EE4A2E083EF9}.Debug|Any CPU.Build.0 = Debug|Any CPU
		{0850B06C-9832-413E-9025-EE4A2E083EF9}.Release|Any CPU.ActiveCfg = Release|Any CPU
		{0850B06C-9832-413E-9025-EE4A2E083EF9}.Release|Any CPU.Build.0 = Release|Any CPU
		{1A4160D2-4BBF-461F-B855-54AC9E76BD0F}.Debug|Any CPU.ActiveCfg = Debug|Any CPU
		{1A4160D2-4BBF-461F-B855-54AC9E76BD0F}.Debug|Any CPU.Build.0 = Debug|Any CPU
		{1A4160D2-4BBF-461F-B855-54AC9E76BD0F}.Release|Any CPU.ActiveCfg = Release|Any CPU
		{1A4160D2-4BBF-461F-B855-54AC9E76BD0F}.Release|Any CPU.Build.0 = Release|Any CPU
	EndGlobalSection
	GlobalSection(SolutionProperties) = preSolution
		HideSolutionNode = FALSE
	EndGlobalSection
	GlobalSection(ExtensibilityGlobals) = postSolution
		SolutionGuid = {62BA73F8-8789-416D-BAD2-0615E326B068}
	EndGlobalSection
EndGlobal
